Microsoft Visual Studio Solution File, Format Version 12.00
# Visual Studio Version 17
VisualStudioVersion = 17.5.2.0
MinimumVisualStudioVersion = 10.0.40219.1
Project("{FAE04EC0-301F-11D3-BF4B-00C04F79EFBC}") = "ChamadosTI", "ChamadosTI.csproj", "{0E534FE0-F842-CF33-2581-2520ECE68E75}"
EndProject
Global
	GlobalSection(SolutionConfigurationPlatforms) = preSolution
		Debug|Any CPU = Debug|Any CPU
		Release|Any CPU = Release|Any CPU
	EndGlobalSection
	GlobalSection(ProjectConfigurationPlatforms) = postSolution
		{0E534FE0-F842-CF33-2581-2520ECE68E75}.Debug|Any CPU.ActiveCfg = Debug|Any CPU
		{0E534FE0-F842-CF33-2581-2520ECE68E75}.Debug|Any CPU.Build.0 = Debug|Any CPU
		{0E534FE0-F842-CF33-2581-2520ECE68E75}.Release|Any CPU.ActiveCfg = Release|Any CPU
		{0E534FE0-F842-CF33-2581-2520ECE68E75}.Release|Any CPU.Build.0 = Release|Any CPU
	EndGlobalSection
	GlobalSection(SolutionProperties) = preSolution
		HideSolutionNode = FALSE
	EndGlobalSection
	GlobalSection(ExtensibilityGlobals) = postSolution
		SolutionGuid = {17BC4CA1-5478-4988-97EA-FE7BB1DF786E}
	EndGlobalSection
EndGlobal
